
Microsoft Visual Studio Solution File, Format Version 12.00
# Visual Studio 15
VisualStudioVersion = 15.0.27703.2026
MinimumVisualStudioVersion = 10.0.40219.1
Project("{FAE04EC0-301F-11D3-BF4B-00C04F79EFBC}") = "LauncherFinal", "LauncherFinal\LauncherFinal.csproj", "{8C1DDC37-417A-4CDE-AF04-DED05E93ED58}"
EndProject
Project("{FAE04EC0-301F-11D3-BF4B-00C04F79EFBC}") = "LauncherTests", "LauncherTests\LauncherTests.csproj", "{B68BA2DA-A75A-450B-A4F8-334F002682B1}"
EndProject
Project("{D954291E-2A0B-460D-934E-DC6B0785DB48}") = "LauncherCore", "LauncherCore\LauncherCore.shproj", "{7B935B66-5EEF-4AFE-B34B-723FCE2D3750}"
EndProject
Project("{FAE04EC0-301F-11D3-BF4B-00C04F79EFBC}") = "Installer", "Installer\Installer.csproj", "{844233ED-CCE4-4F6A-9A6A-DFCE57DB3E03}"
EndProject
Project("{FAE04EC0-301F-11D3-BF4B-00C04F79EFBC}") = "Configurator", "Configurator\Configurator.csproj", "{8B0C21E9-C8EC-4536-97AD-F40D0DA8CEC9}"
EndProject
Global
	GlobalSection(SharedMSBuildProjectFiles) = preSolution
		LauncherCore\LauncherCore.projitems*{7b935b66-5eef-4afe-b34b-723fce2d3750}*SharedItemsImports = 13
		LauncherCore\LauncherCore.projitems*{8b0c21e9-c8ec-4536-97ad-f40d0da8cec9}*SharedItemsImports = 4
		LauncherCore\LauncherCore.projitems*{8c1ddc37-417a-4cde-af04-ded05e93ed58}*SharedItemsImports = 4
	EndGlobalSection
	GlobalSection(SolutionConfigurationPlatforms) = preSolution
		Debug|Any CPU = Debug|Any CPU
		Release|Any CPU = Release|Any CPU
	EndGlobalSection
	GlobalSection(ProjectConfigurationPlatforms) = postSolution
		{8C1DDC37-417A-4CDE-AF04-DED05E93ED58}.Debug|Any CPU.ActiveCfg = Debug|Any CPU
		{8C1DDC37-417A-4CDE-AF04-DED05E93ED58}.Debug|Any CPU.Build.0 = Debug|Any CPU
		{8C1DDC37-417A-4CDE-AF04-DED05E93ED58}.Release|Any CPU.ActiveCfg = Release|Any CPU
		{8C1DDC37-417A-4CDE-AF04-DED05E93ED58}.Release|Any CPU.Build.0 = Release|Any CPU
		{B68BA2DA-A75A-450B-A4F8-334F002682B1}.Debug|Any CPU.ActiveCfg = Debug|Any CPU
		{B68BA2DA-A75A-450B-A4F8-334F002682B1}.Debug|Any CPU.Build.0 = Debug|Any CPU
		{B68BA2DA-A75A-450B-A4F8-334F002682B1}.Release|Any CPU.ActiveCfg = Release|Any CPU
		{B68BA2DA-A75A-450B-A4F8-334F002682B1}.Release|Any CPU.Build.0 = Release|Any CPU
		{844233ED-CCE4-4F6A-9A6A-DFCE57DB3E03}.Debug|Any CPU.ActiveCfg = Debug|Any CPU
		{844233ED-CCE4-4F6A-9A6A-DFCE57DB3E03}.Debug|Any CPU.Build.0 = Debug|Any CPU
		{844233ED-CCE4-4F6A-9A6A-DFCE57DB3E03}.Release|Any CPU.ActiveCfg = Release|Any CPU
		{844233ED-CCE4-4F6A-9A6A-DFCE57DB3E03}.Release|Any CPU.Build.0 = Release|Any CPU
		{8B0C21E9-C8EC-4536-97AD-F40D0DA8CEC9}.Debug|Any CPU.ActiveCfg = Debug|Any CPU
		{8B0C21E9-C8EC-4536-97AD-F40D0DA8CEC9}.Debug|Any CPU.Build.0 = Debug|Any CPU
		{8B0C21E9-C8EC-4536-97AD-F40D0DA8CEC9}.Release|Any CPU.ActiveCfg = Release|Any CPU
		{8B0C21E9-C8EC-4536-97AD-F40D0DA8CEC9}.Release|Any CPU.Build.0 = Release|Any CPU
	EndGlobalSection
	GlobalSection(SolutionProperties) = preSolution
		HideSolutionNode = FALSE
	EndGlobalSection
	GlobalSection(ExtensibilityGlobals) = postSolution
		SolutionGuid = {6E73025D-1CB8-4FA7-BCC4-297B21EF7EC3}
	EndGlobalSection
EndGlobal
